
Microsoft Visual Studio Solution File, Format Version 12.00
# Visual Studio Version 17
VisualStudioVersion = 17.2.32630.192
MinimumVisualStudioVersion = 10.0.40219.1
Project("{9A19103F-16F7-4668-BE54-9A1E7A4F7556}") = "SistemaGestorEventos.GUI", "SistemaGestorEventos.GUI\SistemaGestorEventos.GUI.csproj", "{408075B0-02AA-4381-ABB0-EE92E0882F28}"
EndProject
Project("{9A19103F-16F7-4668-BE54-9A1E7A4F7556}") = "SistemaGestorEventos.BLL", "SistemaGestorEventos.BLL\SistemaGestorEventos.BLL.csproj", "{18AA0383-F013-494D-8352-808059E01B98}"
EndProject
Project("{9A19103F-16F7-4668-BE54-9A1E7A4F7556}") = "SistemaGestorEventos.DAL", "SistemaGestorEventos.DAL\SistemaGestorEventos.DAL.csproj", "{B593C0E3-717E-4B38-BA9B-FD601D43522C}"
EndProject
Project("{9A19103F-16F7-4668-BE54-9A1E7A4F7556}") = "SistemaGestorEventos.SharedServices", "SistemaGestorEventos.SharedServices\SistemaGestorEventos.SharedServices.csproj", "{ED93CA44-5D05-4515-965C-85C313CDA3A3}"
EndProject
Project("{2150E333-8FDC-42A3-9474-1A3956D46DE8}") = "Solution Items", "Solution Items", "{B6914D71-E1E9-4976-BAF3-8DA56B4CEAF3}"
	ProjectSection(SolutionItems) = preProject
		readme.md = readme.md
		docs\SGE - Manual de instalacion.pdf = docs\SGE - Manual de instalacion.pdf
	EndProjectSection
EndProject
Project("{9A19103F-16F7-4668-BE54-9A1E7A4F7556}") = "SistemaGestorEventos.BE", "SistemaGestorEventos.BE\SistemaGestorEventos.BE.csproj", "{A0FE71A1-572E-423A-9355-B03F85AFA7F0}"
EndProject
Project("{9A19103F-16F7-4668-BE54-9A1E7A4F7556}") = "SistemaGestorEventos.Test", "SistemaGestorEventos.Test\SistemaGestorEventos.Test.csproj", "{A031FB8D-1535-48F1-894B-6932090DCB73}"
EndProject
Project("{54435603-DBB4-11D2-8724-00A0C9A8B90C}") = "SistemaGestorEventos.INSTALLER", "SistemaGestorEventos.INSTALLER\SistemaGestorEventos.INSTALLER.vdproj", "{E8229C06-7029-4762-BAEA-36DE7EAED114}"
EndProject
Global
	GlobalSection(SolutionConfigurationPlatforms) = preSolution
		Debug|Any CPU = Debug|Any CPU
		Debug|ARM = Debug|ARM
		Debug|ARM64 = Debug|ARM64
		Debug|x64 = Debug|x64
		Debug|x86 = Debug|x86
		Release|Any CPU = Release|Any CPU
		Release|ARM = Release|ARM
		Release|ARM64 = Release|ARM64
		Release|x64 = Release|x64
		Release|x86 = Release|x86
	EndGlobalSection
	GlobalSection(ProjectConfigurationPlatforms) = postSolution
		{408075B0-02AA-4381-ABB0-EE92E0882F28}.Debug|Any CPU.ActiveCfg = Debug|Any CPU
		{408075B0-02AA-4381-ABB0-EE92E0882F28}.Debug|Any CPU.Build.0 = Debug|Any CPU
		{408075B0-02AA-4381-ABB0-EE92E0882F28}.Debug|ARM.ActiveCfg = Debug|Any CPU
		{408075B0-02AA-4381-ABB0-EE92E0882F28}.Debug|ARM.Build.0 = Debug|Any CPU
		{408075B0-02AA-4381-ABB0-EE92E0882F28}.Debug|ARM64.ActiveCfg = Debug|Any CPU
		{408075B0-02AA-4381-ABB0-EE92E0882F28}.Debug|ARM64.Build.0 = Debug|Any CPU
		{408075B0-02AA-4381-ABB0-EE92E0882F28}.Debug|x64.ActiveCfg = Debug|Any CPU
		{408075B0-02AA-4381-ABB0-EE92E0882F28}.Debug|x64.Build.0 = Debug|Any CPU
		{408075B0-02AA-4381-ABB0-EE92E0882F28}.Debug|x86.ActiveCfg = Debug|Any CPU
		{408075B0-02AA-4381-ABB0-EE92E0882F28}.Debug|x86.Build.0 = Debug|Any CPU
		{408075B0-02AA-4381-ABB0-EE92E0882F28}.Release|Any CPU.ActiveCfg = Release|Any CPU
		{408075B0-02AA-4381-ABB0-EE92E0882F28}.Release|Any CPU.Build.0 = Release|Any CPU
		{408075B0-02AA-4381-ABB0-EE92E0882F28}.Release|ARM.ActiveCfg = Release|Any CPU
		{408075B0-02AA-4381-ABB0-EE92E0882F28}.Release|ARM.Build.0 = Release|Any CPU
		{408075B0-02AA-4381-ABB0-EE92E0882F28}.Release|ARM64.ActiveCfg = Release|Any CPU
		{408075B0-02AA-4381-ABB0-EE92E0882F28}.Release|ARM64.Build.0 = Release|Any CPU
		{408075B0-02AA-4381-ABB0-EE92E0882F28}.Release|x64.ActiveCfg = Release|Any CPU
		{408075B0-02AA-4381-ABB0-EE92E0882F28}.Release|x64.Build.0 = Release|Any CPU
		{408075B0-02AA-4381-ABB0-EE92E0882F28}.Release|x86.ActiveCfg = Release|Any CPU
		{408075B0-02AA-4381-ABB0-EE92E0882F28}.Release|x86.Build.0 = Release|Any CPU
		{18AA0383-F013-494D-8352-808059E01B98}.Debug|Any CPU.ActiveCfg = Debug|Any CPU
		{18AA0383-F013-494D-8352-808059E01B98}.Debug|Any CPU.Build.0 = Debug|Any CPU
		{18AA0383-F013-494D-8352-808059E01B98}.Debug|ARM.ActiveCfg = Debug|Any CPU
		{18AA0383-F013-494D-8352-808059E01B98}.Debug|ARM.Build.0 = Debug|Any CPU
		{18AA0383-F013-494D-8352-808059E01B98}.Debug|ARM64.ActiveCfg = Debug|Any CPU
		{18AA0383-F013-494D-8352-808059E01B98}.Debug|ARM64.Build.0 = Debug|Any CPU
		{18AA0383-F013-494D-8352-808059E01B98}.Debug|x64.ActiveCfg = Debug|Any CPU
		{18AA0383-F013-494D-8352-808059E01B98}.Debug|x64.Build.0 = Debug|Any CPU
		{18AA0383-F013-494D-8352-808059E01B98}.Debug|x86.ActiveCfg = Debug|Any CPU
		{18AA0383-F013-494D-8352-808059E01B98}.Debug|x86.Build.0 = Debug|Any CPU
		{18AA0383-F013-494D-8352-808059E01B98}.Release|Any CPU.ActiveCfg = Release|Any CPU
		{18AA0383-F013-494D-8352-808059E01B98}.Release|Any CPU.Build.0 = Release|Any CPU
		{18AA0383-F013-494D-8352-808059E01B98}.Release|ARM.ActiveCfg = Release|Any CPU
		{18AA0383-F013-494D-8352-808059E01B98}.Release|ARM.Build.0 = Release|Any CPU
		{18AA0383-F013-494D-8352-808059E01B98}.Release|ARM64.ActiveCfg = Release|Any CPU
		{18AA0383-F013-494D-8352-808059E01B98}.Release|ARM64.Build.0 = Release|Any CPU
		{18AA0383-F013-494D-8352-808059E01B98}.Release|x64.ActiveCfg = Release|Any CPU
		{18AA0383-F013-494D-8352-808059E01B98}.Release|x64.Build.0 = Release|Any CPU
		{18AA0383-F013-494D-8352-808059E01B98}.Release|x86.ActiveCfg = Release|Any CPU
		{18AA0383-F013-494D-8352-808059E01B98}.Release|x86.Build.0 = Release|Any CPU
		{B593C0E3-717E-4B38-BA9B-FD601D43522C}.Debug|Any CPU.ActiveCfg = Debug|Any CPU
		{B593C0E3-717E-4B38-BA9B-FD601D43522C}.Debug|Any CPU.Build.0 = Debug|Any CPU
		{B593C0E3-717E-4B38-BA9B-FD601D43522C}.Debug|ARM.ActiveCfg = Debug|Any CPU
		{B593C0E3-717E-4B38-BA9B-FD601D43522C}.Debug|ARM.Build.0 = Debug|Any CPU
		{B593C0E3-717E-4B38-BA9B-FD601D43522C}.Debug|ARM64.ActiveCfg = Debug|Any CPU
		{B593C0E3-717E-4B38-BA9B-FD601D43522C}.Debug|ARM64.Build.0 = Debug|Any CPU
		{B593C0E3-717E-4B38-BA9B-FD601D43522C}.Debug|x64.ActiveCfg = Debug|Any CPU
		{B593C0E3-717E-4B38-BA9B-FD601D43522C}.Debug|x64.Build.0 = Debug|Any CPU
		{B593C0E3-717E-4B38-BA9B-FD601D43522C}.Debug|x86.ActiveCfg = Debug|Any CPU
		{B593C0E3-717E-4B38-BA9B-FD601D43522C}.Debug|x86.Build.0 = Debug|Any CPU
		{B593C0E3-717E-4B38-BA9B-FD601D43522C}.Release|Any CPU.ActiveCfg = Release|Any CPU
		{B593C0E3-717E-4B38-BA9B-FD601D43522C}.Release|Any CPU.Build.0 = Release|Any CPU
		{B593C0E3-717E-4B38-BA9B-FD601D43522C}.Release|ARM.ActiveCfg = Release|Any CPU
		{B593C0E3-717E-4B38-BA9B-FD601D43522C}.Release|ARM.Build.0 = Release|Any CPU
		{B593C0E3-717E-4B38-BA9B-FD601D43522C}.Release|ARM64.ActiveCfg = Release|Any CPU
		{B593C0E3-717E-4B38-BA9B-FD601D43522C}.Release|ARM64.Build.0 = Release|Any CPU
		{B593C0E3-717E-4B38-BA9B-FD601D43522C}.Release|x64.ActiveCfg = Release|Any CPU
		{B593C0E3-717E-4B38-BA9B-FD601D43522C}.Release|x64.Build.0 = Release|Any CPU
		{B593C0E3-717E-4B38-BA9B-FD601D43522C}.Release|x86.ActiveCfg = Release|Any CPU
		{B593C0E3-717E-4B38-BA9B-FD601D43522C}.Release|x86.Build.0 = Release|Any CPU
		{ED93CA44-5D05-4515-965C-85C313CDA3A3}.Debug|Any CPU.ActiveCfg = Debug|Any CPU
		{ED93CA44-5D05-4515-965C-85C313CDA3A3}.Debug|Any CPU.Build.0 = Debug|Any CPU
		{ED93CA44-5D05-4515-965C-85C313CDA3A3}.Debug|ARM.ActiveCfg = Debug|Any CPU
		{ED93CA44-5D05-4515-965C-85C313CDA3A3}.Debug|ARM.Build.0 = Debug|Any CPU
		{ED93CA44-5D05-4515-965C-85C313CDA3A3}.Debug|ARM64.ActiveCfg = Debug|Any CPU
		{ED93CA44-5D05-4515-965C-85C313CDA3A3}.Debug|ARM64.Build.0 = Debug|Any CPU
		{ED93CA44-5D05-4515-965C-85C313CDA3A3}.Debug|x64.ActiveCfg = Debug|Any CPU
		{ED93CA44-5D05-4515-965C-85C313CDA3A3}.Debug|x64.Build.0 = Debug|Any CPU
		{ED93CA44-5D05-4515-965C-85C313CDA3A3}.Debug|x86.ActiveCfg = Debug|Any CPU
		{ED93CA44-5D05-4515-965C-85C313CDA3A3}.Debug|x86.Build.0 = Debug|Any CPU
		{ED93CA44-5D05-4515-965C-85C313CDA3A3}.Release|Any CPU.ActiveCfg = Release|Any CPU
		{ED93CA44-5D05-4515-965C-85C313CDA3A3}.Release|Any CPU.Build.0 = Release|Any CPU
		{ED93CA44-5D05-4515-965C-85C313CDA3A3}.Release|ARM.ActiveCfg = Release|Any CPU
		{ED93CA44-5D05-4515-965C-85C313CDA3A3}.Release|ARM.Build.0 = Release|Any CPU
		{ED93CA44-5D05-4515-965C-85C313CDA3A3}.Release|ARM64.ActiveCfg = Release|Any CPU
		{ED93CA44-5D05-4515-965C-85C313CDA3A3}.Release|ARM64.Build.0 = Release|Any CPU
		{ED93CA44-5D05-4515-965C-85C313CDA3A3}.Release|x64.ActiveCfg = Release|Any CPU
		{ED93CA44-5D05-4515-965C-85C313CDA3A3}.Release|x64.Build.0 = Release|Any CPU
		{ED93CA44-5D05-4515-965C-85C313CDA3A3}.Release|x86.ActiveCfg = Release|Any CPU
		{ED93CA44-5D05-4515-965C-85C313CDA3A3}.Release|x86.Build.0 = Release|Any CPU
		{A0FE71A1-572E-423A-9355-B03F85AFA7F0}.Debug|Any CPU.ActiveCfg = Debug|Any CPU
		{A0FE71A1-572E-423A-9355-B03F85AFA7F0}.Debug|Any CPU.Build.0 = Debug|Any CPU
		{A0FE71A1-572E-423A-9355-B03F85AFA7F0}.Debug|ARM.ActiveCfg = Debug|Any CPU
		{A0FE71A1-572E-423A-9355-B03F85AFA7F0}.Debug|ARM.Build.0 = Debug|Any CPU
		{A0FE71A1-572E-423A-9355-B03F85AFA7F0}.Debug|ARM64.ActiveCfg = Debug|Any CPU
		{A0FE71A1-572E-423A-9355-B03F85AFA7F0}.Debug|ARM64.Build.0 = Debug|Any CPU
		{A0FE71A1-572E-423A-9355-B03F85AFA7F0}.Debug|x64.ActiveCfg = Debug|Any CPU
		{A0FE71A1-572E-423A-9355-B03F85AFA7F0}.Debug|x64.Build.0 = Debug|Any CPU
		{A0FE71A1-572E-423A-9355-B03F85AFA7F0}.Debug|x86.ActiveCfg = Debug|Any CPU
		{A0FE71A1-572E-423A-9355-B03F85AFA7F0}.Debug|x86.Build.0 = Debug|Any CPU
		{A0FE71A1-572E-423A-9355-B03F85AFA7F0}.Release|Any CPU.ActiveCfg = Release|Any CPU
		{A0FE71A1-572E-423A-9355-B03F85AFA7F0}.Release|Any CPU.Build.0 = Release|Any CPU
		{A0FE71A1-572E-423A-9355-B03F85AFA7F0}.Release|ARM.ActiveCfg = Release|Any CPU
		{A0FE71A1-572E-423A-9355-B03F85AFA7F0}.Release|ARM.Build.0 = Release|Any CPU
		{A0FE71A1-572E-423A-9355-B03F85AFA7F0}.Release|ARM64.ActiveCfg = Release|Any CPU
		{A0FE71A1-572E-423A-9355-B03F85AFA7F0}.Release|ARM64.Build.0 = Release|Any CPU
		{A0FE71A1-572E-423A-9355-B03F85AFA7F0}.Release|x64.ActiveCfg = Release|Any CPU
		{A0FE71A1-572E-423A-9355-B03F85AFA7F0}.Release|x64.Build.0 = Release|Any CPU
		{A0FE71A1-572E-423A-9355-B03F85AFA7F0}.Release|x86.ActiveCfg = Release|Any CPU
		{A0FE71A1-572E-423A-9355-B03F85AFA7F0}.Release|x86.Build.0 = Release|Any CPU
		{A031FB8D-1535-48F1-894B-6932090DCB73}.Debug|Any CPU.ActiveCfg = Debug|Any CPU
		{A031FB8D-1535-48F1-894B-6932090DCB73}.Debug|Any CPU.Build.0 = Debug|Any CPU
		{A031FB8D-1535-48F1-894B-6932090DCB73}.Debug|ARM.ActiveCfg = Debug|Any CPU
		{A031FB8D-1535-48F1-894B-6932090DCB73}.Debug|ARM.Build.0 = Debug|Any CPU
		{A031FB8D-1535-48F1-894B-6932090DCB73}.Debug|ARM64.ActiveCfg = Debug|Any CPU
		{A031FB8D-1535-48F1-894B-6932090DCB73}.Debug|ARM64.Build.0 = Debug|Any CPU
		{A031FB8D-1535-48F1-894B-6932090DCB73}.Debug|x64.ActiveCfg = Debug|Any CPU
		{A031FB8D-1535-48F1-894B-6932090DCB73}.Debug|x64.Build.0 = Debug|Any CPU
		{A031FB8D-1535-48F1-894B-6932090DCB73}.Debug|x86.ActiveCfg = Debug|Any CPU
		{A031FB8D-1535-48F1-894B-6932090DCB73}.Debug|x86.Build.0 = Debug|Any CPU
		{A031FB8D-1535-48F1-894B-6932090DCB73}.Release|Any CPU.ActiveCfg = Release|Any CPU
		{A031FB8D-1535-48F1-894B-6932090DCB73}.Release|Any CPU.Build.0 = Release|Any CPU
		{A031FB8D-1535-48F1-894B-6932090DCB73}.Release|ARM.ActiveCfg = Release|Any CPU
		{A031FB8D-1535-48F1-894B-6932090DCB73}.Release|ARM.Build.0 = Release|Any CPU
		{A031FB8D-1535-48F1-894B-6932090DCB73}.Release|ARM64.ActiveCfg = Release|Any CPU
		{A031FB8D-1535-48F1-894B-6932090DCB73}.Release|ARM64.Build.0 = Release|Any CPU
		{A031FB8D-1535-48F1-894B-6932090DCB73}.Release|x64.ActiveCfg = Release|Any CPU
		{A031FB8D-1535-48F1-894B-6932090DCB73}.Release|x64.Build.0 = Release|Any CPU
		{A031FB8D-1535-48F1-894B-6932090DCB73}.Release|x86.ActiveCfg = Release|Any CPU
		{A031FB8D-1535-48F1-894B-6932090DCB73}.Release|x86.Build.0 = Release|Any CPU
		{E8229C06-7029-4762-BAEA-36DE7EAED114}.Debug|Any CPU.ActiveCfg = Debug
		{E8229C06-7029-4762-BAEA-36DE7EAED114}.Debug|ARM.ActiveCfg = Debug
		{E8229C06-7029-4762-BAEA-36DE7EAED114}.Debug|ARM64.ActiveCfg = Debug
		{E8229C06-7029-4762-BAEA-36DE7EAED114}.Debug|x64.ActiveCfg = Debug
		{E8229C06-7029-4762-BAEA-36DE7EAED114}.Debug|x86.ActiveCfg = Debug
		{E8229C06-7029-4762-BAEA-36DE7EAED114}.Release|Any CPU.ActiveCfg = Release
		{E8229C06-7029-4762-BAEA-36DE7EAED114}.Release|ARM.ActiveCfg = Release
		{E8229C06-7029-4762-BAEA-36DE7EAED114}.Release|ARM64.ActiveCfg = Release
		{E8229C06-7029-4762-BAEA-36DE7EAED114}.Release|x64.ActiveCfg = Release
		{E8229C06-7029-4762-BAEA-36DE7EAED114}.Release|x86.ActiveCfg = Release
	EndGlobalSection
	GlobalSection(SolutionProperties) = preSolution
		HideSolutionNode = FALSE
	EndGlobalSection
	GlobalSection(ExtensibilityGlobals) = postSolution
		SolutionGuid = {4A78F7C8-BC75-4F69-B717-87CB60A6061A}
	EndGlobalSection
EndGlobal
